
Microsoft Visual Studio Solution File, Format Version 12.00
# Visual Studio Version 17
VisualStudioVersion = 17.5.33502.453
MinimumVisualStudioVersion = 10.0.40219.1
Project("{FAE04EC0-301F-11D3-BF4B-00C04F79EFBC}") = "ELB-LogAnalyzer", "ELB-LogAnalyzer\ELB-LogAnalyzer.csproj", "{C58F6F18-E80E-474B-9117-CE0E26854628}"
EndProject
Global
	GlobalSection(SolutionConfigurationPlatforms) = preSolution
		Debug|Any CPU = Debug|Any CPU
		Release|Any CPU = Release|Any CPU
	EndGlobalSection
	GlobalSection(ProjectConfigurationPlatforms) = postSolution
		{C58F6F18-E80E-474B-9117-CE0E26854628}.Debug|Any CPU.ActiveCfg = Debug|Any CPU
		{C58F6F18-E80E-474B-9117-CE0E26854628}.Debug|Any CPU.Build.0 = Debug|Any CPU
		{C58F6F18-E80E-474B-9117-CE0E26854628}.Release|Any CPU.ActiveCfg = Release|Any CPU
		{C58F6F18-E80E-474B-9117-CE0E26854628}.Release|Any CPU.Build.0 = Release|Any CPU
	EndGlobalSection
	GlobalSection(SolutionProperties) = preSolution
		HideSolutionNode = FALSE
	EndGlobalSection
	GlobalSection(ExtensibilityGlobals) = postSolution
		SolutionGuid = {E3D26770-A161-4F71-8A0A-4925DCCC4950}
	EndGlobalSection
EndGlobal
